
Microsoft Visual Studio Solution File, Format Version 12.00
# Visual Studio Version 17
VisualStudioVersion = 17.4.33103.184
MinimumVisualStudioVersion = 10.0.40219.1
Project("{9A19103F-16F7-4668-BE54-9A1E7A4F7556}") = "Simulator1", "Simulator1.csproj", "{F6AE8762-A3FD-404C-A81E-D1A3F56AD094}"
	ProjectSection(ProjectDependencies) = postProject
		{BAC10181-DE3D-4EAA-9AFB-A77235E13701} = {BAC10181-DE3D-4EAA-9AFB-A77235E13701}
	EndProjectSection
EndProject
Project("{FAE04EC0-301F-11D3-BF4B-00C04F79EFBC}") = "Environment", "..\Environment\Environment.csproj", "{BAC10181-DE3D-4EAA-9AFB-A77235E13701}"
EndProject
Global
	GlobalSection(SolutionConfigurationPlatforms) = preSolution
		Debug|Any CPU = Debug|Any CPU
		Release|Any CPU = Release|Any CPU
	EndGlobalSection
	GlobalSection(ProjectConfigurationPlatforms) = postSolution
		{F6AE8762-A3FD-404C-A81E-D1A3F56AD094}.Debug|Any CPU.ActiveCfg = Debug|Any CPU
		{F6AE8762-A3FD-404C-A81E-D1A3F56AD094}.Debug|Any CPU.Build.0 = Debug|Any CPU
		{F6AE8762-A3FD-404C-A81E-D1A3F56AD094}.Release|Any CPU.ActiveCfg = Release|Any CPU
		{F6AE8762-A3FD-404C-A81E-D1A3F56AD094}.Release|Any CPU.Build.0 = Release|Any CPU
		{BAC10181-DE3D-4EAA-9AFB-A77235E13701}.Debug|Any CPU.ActiveCfg = Debug|Any CPU
		{BAC10181-DE3D-4EAA-9AFB-A77235E13701}.Debug|Any CPU.Build.0 = Debug|Any CPU
		{BAC10181-DE3D-4EAA-9AFB-A77235E13701}.Release|Any CPU.ActiveCfg = Release|Any CPU
		{BAC10181-DE3D-4EAA-9AFB-A77235E13701}.Release|Any CPU.Build.0 = Release|Any CPU
	EndGlobalSection
	GlobalSection(SolutionProperties) = preSolution
		HideSolutionNode = FALSE
	EndGlobalSection
	GlobalSection(ExtensibilityGlobals) = postSolution
		SolutionGuid = {E3E3771B-A621-4D80-9E1F-6C5A83C81351}
	EndGlobalSection
EndGlobal
